
Microsoft Visual Studio Solution File, Format Version 12.00
# Visual Studio Version 16
VisualStudioVersion = 16.0.29920.165
MinimumVisualStudioVersion = 10.0.40219.1
Project("{FAE04EC0-301F-11D3-BF4B-00C04F79EFBC}") = "OpenAutoClick", "OpenAutoClick\OpenAutoClick.csproj", "{034E37D5-CA5D-410F-88E7-58F5D58BF022}"
EndProject
Global
	GlobalSection(SolutionConfigurationPlatforms) = preSolution
		Debug|Any CPU = Debug|Any CPU
		Release|Any CPU = Release|Any CPU
	EndGlobalSection
	GlobalSection(ProjectConfigurationPlatforms) = postSolution
		{034E37D5-CA5D-410F-88E7-58F5D58BF022}.Debug|Any CPU.ActiveCfg = Debug|Any CPU
		{034E37D5-CA5D-410F-88E7-58F5D58BF022}.Debug|Any CPU.Build.0 = Debug|Any CPU
		{034E37D5-CA5D-410F-88E7-58F5D58BF022}.Release|Any CPU.ActiveCfg = Release|Any CPU
		{034E37D5-CA5D-410F-88E7-58F5D58BF022}.Release|Any CPU.Build.0 = Release|Any CPU
	EndGlobalSection
	GlobalSection(SolutionProperties) = preSolution
		HideSolutionNode = FALSE
	EndGlobalSection
	GlobalSection(ExtensibilityGlobals) = postSolution
		SolutionGuid = {BC135E62-BDD3-4486-9534-0423C61402D4}
	EndGlobalSection
EndGlobal
